
Microsoft Visual Studio Solution File, Format Version 12.00
# Visual Studio 15
VisualStudioVersion = 15.0.28307.329
MinimumVisualStudioVersion = 10.0.40219.1
Project("{FAE04EC0-301F-11D3-BF4B-00C04F79EFBC}") = "Excel Convert Tool", "Excel Conversion Tool\Excel Convert Tool.csproj", "{796F7C42-5B33-4632-8E8F-A5503EA5827E}"
EndProject
Global
	GlobalSection(SolutionConfigurationPlatforms) = preSolution
		Debug|Any CPU = Debug|Any CPU
		Release|Any CPU = Release|Any CPU
	EndGlobalSection
	GlobalSection(ProjectConfigurationPlatforms) = postSolution
		{796F7C42-5B33-4632-8E8F-A5503EA5827E}.Debug|Any CPU.ActiveCfg = Debug|Any CPU
		{796F7C42-5B33-4632-8E8F-A5503EA5827E}.Debug|Any CPU.Build.0 = Debug|Any CPU
		{796F7C42-5B33-4632-8E8F-A5503EA5827E}.Release|Any CPU.ActiveCfg = Release|Any CPU
		{796F7C42-5B33-4632-8E8F-A5503EA5827E}.Release|Any CPU.Build.0 = Release|Any CPU
	EndGlobalSection
	GlobalSection(SolutionProperties) = preSolution
		HideSolutionNode = FALSE
	EndGlobalSection
	GlobalSection(ExtensibilityGlobals) = postSolution
		SolutionGuid = {8D49353A-E788-41A0-918C-F75E90C5D661}
	EndGlobalSection
EndGlobal
